
Microsoft Visual Studio Solution File, Format Version 12.00
# Visual Studio Version 17
VisualStudioVersion = 17.5.33414.496
MinimumVisualStudioVersion = 10.0.40219.1
Project("{FAE04EC0-301F-11D3-BF4B-00C04F79EFBC}") = "InventorySytem_GUI", "InventorySytem_GUI.csproj", "{BD6EE533-BD99-4AA8-BB39-B09705ACD1B5}"
EndProject
Global
	GlobalSection(SolutionConfigurationPlatforms) = preSolution
		Debug|Any CPU = Debug|Any CPU
		Release|Any CPU = Release|Any CPU
	EndGlobalSection
	GlobalSection(ProjectConfigurationPlatforms) = postSolution
		{BD6EE533-BD99-4AA8-BB39-B09705ACD1B5}.Debug|Any CPU.ActiveCfg = Debug|Any CPU
		{BD6EE533-BD99-4AA8-BB39-B09705ACD1B5}.Debug|Any CPU.Build.0 = Debug|Any CPU
		{BD6EE533-BD99-4AA8-BB39-B09705ACD1B5}.Release|Any CPU.ActiveCfg = Release|Any CPU
		{BD6EE533-BD99-4AA8-BB39-B09705ACD1B5}.Release|Any CPU.Build.0 = Release|Any CPU
	EndGlobalSection
	GlobalSection(SolutionProperties) = preSolution
		HideSolutionNode = FALSE
	EndGlobalSection
	GlobalSection(ExtensibilityGlobals) = postSolution
		SolutionGuid = {1FA9A0C2-1865-449D-8B97-9F56BD3C503B}
	EndGlobalSection
EndGlobal
